
Microsoft Visual Studio Solution File, Format Version 12.00
# Visual Studio Version 17
VisualStudioVersion = 17.1.32228.430
MinimumVisualStudioVersion = 10.0.40219.1
Project("{8BC9CEB8-8B4A-11D0-8D11-00A0C91BC942}") = "Gold", "Gold\Gold.vcxproj", "{22AD02F0-02EF-45BD-9A5A-2F964511A7F8}"
EndProject
Global
	GlobalSection(SolutionConfigurationPlatforms) = preSolution
		Debug|x64 = Debug|x64
		Debug|x86 = Debug|x86
		Release|x64 = Release|x64
		Release|x86 = Release|x86
	EndGlobalSection
	GlobalSection(ProjectConfigurationPlatforms) = postSolution
		{22AD02F0-02EF-45BD-9A5A-2F964511A7F8}.Debug|x64.ActiveCfg = Debug|x64
		{22AD02F0-02EF-45BD-9A5A-2F964511A7F8}.Debug|x64.Build.0 = Debug|x64
		{22AD02F0-02EF-45BD-9A5A-2F964511A7F8}.Debug|x86.ActiveCfg = Debug|Win32
		{22AD02F0-02EF-45BD-9A5A-2F964511A7F8}.Debug|x86.Build.0 = Debug|Win32
		{22AD02F0-02EF-45BD-9A5A-2F964511A7F8}.Release|x64.ActiveCfg = Release|x64
		{22AD02F0-02EF-45BD-9A5A-2F964511A7F8}.Release|x64.Build.0 = Release|x64
		{22AD02F0-02EF-45BD-9A5A-2F964511A7F8}.Release|x86.ActiveCfg = Release|Win32
		{22AD02F0-02EF-45BD-9A5A-2F964511A7F8}.Release|x86.Build.0 = Release|Win32
	EndGlobalSection
	GlobalSection(SolutionProperties) = preSolution
		HideSolutionNode = FALSE
	EndGlobalSection
	GlobalSection(ExtensibilityGlobals) = postSolution
		SolutionGuid = {BAE9A5B8-2AEB-4A39-967A-57EBCEA46ED4}
	EndGlobalSection
EndGlobal
